
Microsoft Visual Studio Solution File, Format Version 12.00
# Visual Studio Version 16
VisualStudioVersion = 16.0.29326.143
MinimumVisualStudioVersion = 10.0.40219.1
Project("{FAE04EC0-301F-11D3-BF4B-00C04F79EFBC}") = "Lib_light_bulb", "Lib_light_bulb\Lib_light_bulb.csproj", "{284BE13F-7A46-45B5-BBF0-A7CA1BC55E17}"
EndProject
Project("{FAE04EC0-301F-11D3-BF4B-00C04F79EFBC}") = "lampadina", "lampadina\lampadina.csproj", "{A581E92B-C603-4E65-83D0-BF223AFAF768}"
EndProject
Global
	GlobalSection(SolutionConfigurationPlatforms) = preSolution
		Debug|Any CPU = Debug|Any CPU
		Release|Any CPU = Release|Any CPU
	EndGlobalSection
	GlobalSection(ProjectConfigurationPlatforms) = postSolution
		{284BE13F-7A46-45B5-BBF0-A7CA1BC55E17}.Debug|Any CPU.ActiveCfg = Debug|Any CPU
		{284BE13F-7A46-45B5-BBF0-A7CA1BC55E17}.Debug|Any CPU.Build.0 = Debug|Any CPU
		{284BE13F-7A46-45B5-BBF0-A7CA1BC55E17}.Release|Any CPU.ActiveCfg = Release|Any CPU
		{284BE13F-7A46-45B5-BBF0-A7CA1BC55E17}.Release|Any CPU.Build.0 = Release|Any CPU
		{A581E92B-C603-4E65-83D0-BF223AFAF768}.Debug|Any CPU.ActiveCfg = Debug|Any CPU
		{A581E92B-C603-4E65-83D0-BF223AFAF768}.Debug|Any CPU.Build.0 = Debug|Any CPU
		{A581E92B-C603-4E65-83D0-BF223AFAF768}.Release|Any CPU.ActiveCfg = Release|Any CPU
		{A581E92B-C603-4E65-83D0-BF223AFAF768}.Release|Any CPU.Build.0 = Release|Any CPU
	EndGlobalSection
	GlobalSection(SolutionProperties) = preSolution
		HideSolutionNode = FALSE
	EndGlobalSection
	GlobalSection(ExtensibilityGlobals) = postSolution
		SolutionGuid = {57E360DA-E10D-4321-B878-1F04B35D14F6}
	EndGlobalSection
EndGlobal
